
Microsoft Visual Studio Solution File, Format Version 12.00
# Visual Studio Version 17
Project("{F2A71F9B-5D33-465A-A702-920D77279786}") = "Lib", "src\Lib\Lib.fsproj", "{00000000-0000-0000-0000-000000000001}"
EndProject
Project("{F2A71F9B-5D33-465A-A702-920D77279786}") = "Lib.Tests", "tests\Lib.Tests\Lib.Tests.fsproj", "{00000000-0000-0000-0000-000000000002}"
EndProject
Project("{2150E333-8FDC-42A3-9474-1A3956D46DE8}") = "samples", "samples", "{5D20AA90-6969-D8BD-9DCD-8634F4692FDA}"
EndProject
Project("{F2A71F9B-5D33-465A-A702-920D77279786}") = "BasicViewer", "samples\BasicViewer\BasicViewer.fsproj", "{169DA141-15CE-4CD5-8743-FB07098514F9}"
EndProject
Project("{2150E333-8FDC-42A3-9474-1A3956D46DE8}") = "src", "src", "{827E0CD3-B72D-47B6-A68D-7590B98EB39B}"
EndProject
Project("{F2A71F9B-5D33-465A-A702-920D77279786}") = "InteractiveViewer", "samples\InteractiveViewer\InteractiveViewer.fsproj", "{376B72ED-F2B7-4A21-8AFA-425BCC3A4A84}"
EndProject
Project("{F2A71F9B-5D33-465A-A702-920D77279786}") = "Charts", "src\Charts\Charts.fsproj", "{464A07A5-C0A3-4A72-BEC8-1A828910A00C}"
EndProject
Project("{F2A71F9B-5D33-465A-A702-920D77279786}") = "Layout", "src\Layout\Layout.fsproj", "{4C801BB2-6913-4118-8A5B-A2C408B2E215}"
EndProject
Project("{2150E333-8FDC-42A3-9474-1A3956D46DE8}") = "tests", "tests", "{0AB3BF05-4346-4AA6-1389-037BE0695223}"
EndProject
Project("{F2A71F9B-5D33-465A-A702-920D77279786}") = "Charts.Tests", "tests\Charts.Tests\Charts.Tests.fsproj", "{53F3E811-EAFE-4E18-8331-183BD4171F50}"
EndProject
Project("{F2A71F9B-5D33-465A-A702-920D77279786}") = "Layout.Tests", "tests\Layout.Tests\Layout.Tests.fsproj", "{5E14F0DF-8E1F-4ACC-B7AE-265D6B9FE4E2}"
EndProject
Project("{F2A71F9B-5D33-465A-A702-920D77279786}") = "Parity.Tests", "tests\Parity.Tests\Parity.Tests.fsproj", "{18EDF92B-C480-4B91-A057-CCC73F39704B}"
EndProject
Project("{F2A71F9B-5D33-465A-A702-920D77279786}") = "Package.Tests", "tests\Package.Tests\Package.Tests.fsproj", "{DE6AA2D1-364D-4007-9846-C32A37447917}"
EndProject
Project("{F2A71F9B-5D33-465A-A702-920D77279786}") = "Smoke.Tests", "tests\Smoke.Tests\Smoke.Tests.fsproj", "{B08A3F2A-0076-4DB8-8918-0090585F3D1A}"
EndProject
Project("{F2A71F9B-5D33-465A-A702-920D77279786}") = "ParityGallery", "samples\ParityGallery\ParityGallery.fsproj", "{27F9D9C8-094E-4B80-A118-AECB20342A9A}"
EndProject
Project("{F2A71F9B-5D33-465A-A702-920D77279786}") = "EffectsGallery", "samples\EffectsGallery\EffectsGallery.fsproj", "{E00808BA-74E5-4046-97E0-E6BF53072373}"
EndProject
Project("{F2A71F9B-5D33-465A-A702-920D77279786}") = "ChartsGallery", "samples\ChartsGallery\ChartsGallery.fsproj", "{F2F36B5A-BBEB-4C72-8D27-841E0916E67E}"
EndProject
Project("{F2A71F9B-5D33-465A-A702-920D77279786}") = "DataGridGallery", "samples\DataGridGallery\DataGridGallery.fsproj", "{6A54EB36-9182-4761-BEEC-4B633E15630C}"
EndProject
Project("{F2A71F9B-5D33-465A-A702-920D77279786}") = "LayoutGraphGallery", "samples\LayoutGraphGallery\LayoutGraphGallery.fsproj", "{A221C95D-EC23-4606-A788-B5770106FADE}"
EndProject
Project("{F2A71F9B-5D33-465A-A702-920D77279786}") = "ScreenshotGallery", "samples\ScreenshotGallery\ScreenshotGallery.fsproj", "{B79FB062-CA10-483D-8017-A2FFF1D9CEF5}"
EndProject
Project("{F2A71F9B-5D33-465A-A702-920D77279786}") = "DemoReel", "samples\DemoReel\DemoReel.fsproj", "{20DC8CB2-6821-4987-A40E-38CD6468E3FB}"
EndProject
Global
	GlobalSection(SolutionConfigurationPlatforms) = preSolution
		Debug|Any CPU = Debug|Any CPU
		Debug|x64 = Debug|x64
		Debug|x86 = Debug|x86
		Release|Any CPU = Release|Any CPU
		Release|x64 = Release|x64
		Release|x86 = Release|x86
	EndGlobalSection
	GlobalSection(ProjectConfigurationPlatforms) = postSolution
		{00000000-0000-0000-0000-000000000001}.Debug|Any CPU.ActiveCfg = Debug|Any CPU
		{00000000-0000-0000-0000-000000000001}.Debug|Any CPU.Build.0 = Debug|Any CPU
		{00000000-0000-0000-0000-000000000001}.Debug|x64.ActiveCfg = Debug|Any CPU
		{00000000-0000-0000-0000-000000000001}.Debug|x64.Build.0 = Debug|Any CPU
		{00000000-0000-0000-0000-000000000001}.Debug|x86.ActiveCfg = Debug|Any CPU
		{00000000-0000-0000-0000-000000000001}.Debug|x86.Build.0 = Debug|Any CPU
		{00000000-0000-0000-0000-000000000001}.Release|Any CPU.ActiveCfg = Release|Any CPU
		{00000000-0000-0000-0000-000000000001}.Release|Any CPU.Build.0 = Release|Any CPU
		{00000000-0000-0000-0000-000000000001}.Release|x64.ActiveCfg = Release|Any CPU
		{00000000-0000-0000-0000-000000000001}.Release|x64.Build.0 = Release|Any CPU
		{00000000-0000-0000-0000-000000000001}.Release|x86.ActiveCfg = Release|Any CPU
		{00000000-0000-0000-0000-000000000001}.Release|x86.Build.0 = Release|Any CPU
		{00000000-0000-0000-0000-000000000002}.Debug|Any CPU.ActiveCfg = Debug|Any CPU
		{00000000-0000-0000-0000-000000000002}.Debug|Any CPU.Build.0 = Debug|Any CPU
		{00000000-0000-0000-0000-000000000002}.Debug|x64.ActiveCfg = Debug|Any CPU
		{00000000-0000-0000-0000-000000000002}.Debug|x64.Build.0 = Debug|Any CPU
		{00000000-0000-0000-0000-000000000002}.Debug|x86.ActiveCfg = Debug|Any CPU
		{00000000-0000-0000-0000-000000000002}.Debug|x86.Build.0 = Debug|Any CPU
		{00000000-0000-0000-0000-000000000002}.Release|Any CPU.ActiveCfg = Release|Any CPU
		{00000000-0000-0000-0000-000000000002}.Release|Any CPU.Build.0 = Release|Any CPU
		{00000000-0000-0000-0000-000000000002}.Release|x64.ActiveCfg = Release|Any CPU
		{00000000-0000-0000-0000-000000000002}.Release|x64.Build.0 = Release|Any CPU
		{00000000-0000-0000-0000-000000000002}.Release|x86.ActiveCfg = Release|Any CPU
		{00000000-0000-0000-0000-000000000002}.Release|x86.Build.0 = Release|Any CPU
		{169DA141-15CE-4CD5-8743-FB07098514F9}.Debug|Any CPU.ActiveCfg = Debug|Any CPU
		{169DA141-15CE-4CD5-8743-FB07098514F9}.Debug|Any CPU.Build.0 = Debug|Any CPU
		{169DA141-15CE-4CD5-8743-FB07098514F9}.Debug|x64.ActiveCfg = Debug|Any CPU
		{169DA141-15CE-4CD5-8743-FB07098514F9}.Debug|x64.Build.0 = Debug|Any CPU
		{169DA141-15CE-4CD5-8743-FB07098514F9}.Debug|x86.ActiveCfg = Debug|Any CPU
		{169DA141-15CE-4CD5-8743-FB07098514F9}.Debug|x86.Build.0 = Debug|Any CPU
		{169DA141-15CE-4CD5-8743-FB07098514F9}.Release|Any CPU.ActiveCfg = Release|Any CPU
		{169DA141-15CE-4CD5-8743-FB07098514F9}.Release|Any CPU.Build.0 = Release|Any CPU
		{169DA141-15CE-4CD5-8743-FB07098514F9}.Release|x64.ActiveCfg = Release|Any CPU
		{169DA141-15CE-4CD5-8743-FB07098514F9}.Release|x64.Build.0 = Release|Any CPU
		{169DA141-15CE-4CD5-8743-FB07098514F9}.Release|x86.ActiveCfg = Release|Any CPU
		{169DA141-15CE-4CD5-8743-FB07098514F9}.Release|x86.Build.0 = Release|Any CPU
		{376B72ED-F2B7-4A21-8AFA-425BCC3A4A84}.Debug|Any CPU.ActiveCfg = Debug|Any CPU
		{376B72ED-F2B7-4A21-8AFA-425BCC3A4A84}.Debug|Any CPU.Build.0 = Debug|Any CPU
		{376B72ED-F2B7-4A21-8AFA-425BCC3A4A84}.Debug|x64.ActiveCfg = Debug|Any CPU
		{376B72ED-F2B7-4A21-8AFA-425BCC3A4A84}.Debug|x64.Build.0 = Debug|Any CPU
		{376B72ED-F2B7-4A21-8AFA-425BCC3A4A84}.Debug|x86.ActiveCfg = Debug|Any CPU
		{376B72ED-F2B7-4A21-8AFA-425BCC3A4A84}.Debug|x86.Build.0 = Debug|Any CPU
		{376B72ED-F2B7-4A21-8AFA-425BCC3A4A84}.Release|Any CPU.ActiveCfg = Release|Any CPU
		{376B72ED-F2B7-4A21-8AFA-425BCC3A4A84}.Release|Any CPU.Build.0 = Release|Any CPU
		{376B72ED-F2B7-4A21-8AFA-425BCC3A4A84}.Release|x64.ActiveCfg = Release|Any CPU
		{376B72ED-F2B7-4A21-8AFA-425BCC3A4A84}.Release|x64.Build.0 = Release|Any CPU
		{376B72ED-F2B7-4A21-8AFA-425BCC3A4A84}.Release|x86.ActiveCfg = Release|Any CPU
		{376B72ED-F2B7-4A21-8AFA-425BCC3A4A84}.Release|x86.Build.0 = Release|Any CPU
		{464A07A5-C0A3-4A72-BEC8-1A828910A00C}.Debug|Any CPU.ActiveCfg = Debug|Any CPU
		{464A07A5-C0A3-4A72-BEC8-1A828910A00C}.Debug|Any CPU.Build.0 = Debug|Any CPU
		{464A07A5-C0A3-4A72-BEC8-1A828910A00C}.Debug|x64.ActiveCfg = Debug|Any CPU
		{464A07A5-C0A3-4A72-BEC8-1A828910A00C}.Debug|x64.Build.0 = Debug|Any CPU
		{464A07A5-C0A3-4A72-BEC8-1A828910A00C}.Debug|x86.ActiveCfg = Debug|Any CPU
		{464A07A5-C0A3-4A72-BEC8-1A828910A00C}.Debug|x86.Build.0 = Debug|Any CPU
		{464A07A5-C0A3-4A72-BEC8-1A828910A00C}.Release|Any CPU.ActiveCfg = Release|Any CPU
		{464A07A5-C0A3-4A72-BEC8-1A828910A00C}.Release|Any CPU.Build.0 = Release|Any CPU
		{464A07A5-C0A3-4A72-BEC8-1A828910A00C}.Release|x64.ActiveCfg = Release|Any CPU
		{464A07A5-C0A3-4A72-BEC8-1A828910A00C}.Release|x64.Build.0 = Release|Any CPU
		{464A07A5-C0A3-4A72-BEC8-1A828910A00C}.Release|x86.ActiveCfg = Release|Any CPU
		{464A07A5-C0A3-4A72-BEC8-1A828910A00C}.Release|x86.Build.0 = Release|Any CPU
		{4C801BB2-6913-4118-8A5B-A2C408B2E215}.Debug|Any CPU.ActiveCfg = Debug|Any CPU
		{4C801BB2-6913-4118-8A5B-A2C408B2E215}.Debug|Any CPU.Build.0 = Debug|Any CPU
		{4C801BB2-6913-4118-8A5B-A2C408B2E215}.Debug|x64.ActiveCfg = Debug|Any CPU
		{4C801BB2-6913-4118-8A5B-A2C408B2E215}.Debug|x64.Build.0 = Debug|Any CPU
		{4C801BB2-6913-4118-8A5B-A2C408B2E215}.Debug|x86.ActiveCfg = Debug|Any CPU
		{4C801BB2-6913-4118-8A5B-A2C408B2E215}.Debug|x86.Build.0 = Debug|Any CPU
		{4C801BB2-6913-4118-8A5B-A2C408B2E215}.Release|Any CPU.ActiveCfg = Release|Any CPU
		{4C801BB2-6913-4118-8A5B-A2C408B2E215}.Release|Any CPU.Build.0 = Release|Any CPU
		{4C801BB2-6913-4118-8A5B-A2C408B2E215}.Release|x64.ActiveCfg = Release|Any CPU
		{4C801BB2-6913-4118-8A5B-A2C408B2E215}.Release|x64.Build.0 = Release|Any CPU
		{4C801BB2-6913-4118-8A5B-A2C408B2E215}.Release|x86.ActiveCfg = Release|Any CPU
		{4C801BB2-6913-4118-8A5B-A2C408B2E215}.Release|x86.Build.0 = Release|Any CPU
		{53F3E811-EAFE-4E18-8331-183BD4171F50}.Debug|Any CPU.ActiveCfg = Debug|Any CPU
		{53F3E811-EAFE-4E18-8331-183BD4171F50}.Debug|Any CPU.Build.0 = Debug|Any CPU
		{53F3E811-EAFE-4E18-8331-183BD4171F50}.Debug|x64.ActiveCfg = Debug|Any CPU
		{53F3E811-EAFE-4E18-8331-183BD4171F50}.Debug|x64.Build.0 = Debug|Any CPU
		{53F3E811-EAFE-4E18-8331-183BD4171F50}.Debug|x86.ActiveCfg = Debug|Any CPU
		{53F3E811-EAFE-4E18-8331-183BD4171F50}.Debug|x86.Build.0 = Debug|Any CPU
		{53F3E811-EAFE-4E18-8331-183BD4171F50}.Release|Any CPU.ActiveCfg = Release|Any CPU
		{53F3E811-EAFE-4E18-8331-183BD4171F50}.Release|Any CPU.Build.0 = Release|Any CPU
		{53F3E811-EAFE-4E18-8331-183BD4171F50}.Release|x64.ActiveCfg = Release|Any CPU
		{53F3E811-EAFE-4E18-8331-183BD4171F50}.Release|x64.Build.0 = Release|Any CPU
		{53F3E811-EAFE-4E18-8331-183BD4171F50}.Release|x86.ActiveCfg = Release|Any CPU
		{53F3E811-EAFE-4E18-8331-183BD4171F50}.Release|x86.Build.0 = Release|Any CPU
		{5E14F0DF-8E1F-4ACC-B7AE-265D6B9FE4E2}.Debug|Any CPU.ActiveCfg = Debug|Any CPU
		{5E14F0DF-8E1F-4ACC-B7AE-265D6B9FE4E2}.Debug|Any CPU.Build.0 = Debug|Any CPU
		{5E14F0DF-8E1F-4ACC-B7AE-265D6B9FE4E2}.Debug|x64.ActiveCfg = Debug|Any CPU
		{5E14F0DF-8E1F-4ACC-B7AE-265D6B9FE4E2}.Debug|x64.Build.0 = Debug|Any CPU
		{5E14F0DF-8E1F-4ACC-B7AE-265D6B9FE4E2}.Debug|x86.ActiveCfg = Debug|Any CPU
		{5E14F0DF-8E1F-4ACC-B7AE-265D6B9FE4E2}.Debug|x86.Build.0 = Debug|Any CPU
		{5E14F0DF-8E1F-4ACC-B7AE-265D6B9FE4E2}.Release|Any CPU.ActiveCfg = Release|Any CPU
		{5E14F0DF-8E1F-4ACC-B7AE-265D6B9FE4E2}.Release|Any CPU.Build.0 = Release|Any CPU
		{5E14F0DF-8E1F-4ACC-B7AE-265D6B9FE4E2}.Release|x64.ActiveCfg = Release|Any CPU
		{5E14F0DF-8E1F-4ACC-B7AE-265D6B9FE4E2}.Release|x64.Build.0 = Release|Any CPU
		{5E14F0DF-8E1F-4ACC-B7AE-265D6B9FE4E2}.Release|x86.ActiveCfg = Release|Any CPU
		{5E14F0DF-8E1F-4ACC-B7AE-265D6B9FE4E2}.Release|x86.Build.0 = Release|Any CPU
		{18EDF92B-C480-4B91-A057-CCC73F39704B}.Debug|Any CPU.ActiveCfg = Debug|Any CPU
		{18EDF92B-C480-4B91-A057-CCC73F39704B}.Debug|Any CPU.Build.0 = Debug|Any CPU
		{18EDF92B-C480-4B91-A057-CCC73F39704B}.Debug|x64.ActiveCfg = Debug|Any CPU
		{18EDF92B-C480-4B91-A057-CCC73F39704B}.Debug|x64.Build.0 = Debug|Any CPU
		{18EDF92B-C480-4B91-A057-CCC73F39704B}.Debug|x86.ActiveCfg = Debug|Any CPU
		{18EDF92B-C480-4B91-A057-CCC73F39704B}.Debug|x86.Build.0 = Debug|Any CPU
		{18EDF92B-C480-4B91-A057-CCC73F39704B}.Release|Any CPU.ActiveCfg = Release|Any CPU
		{18EDF92B-C480-4B91-A057-CCC73F39704B}.Release|Any CPU.Build.0 = Release|Any CPU
		{18EDF92B-C480-4B91-A057-CCC73F39704B}.Release|x64.ActiveCfg = Release|Any CPU
		{18EDF92B-C480-4B91-A057-CCC73F39704B}.Release|x64.Build.0 = Release|Any CPU
		{18EDF92B-C480-4B91-A057-CCC73F39704B}.Release|x86.ActiveCfg = Release|Any CPU
		{18EDF92B-C480-4B91-A057-CCC73F39704B}.Release|x86.Build.0 = Release|Any CPU
		{DE6AA2D1-364D-4007-9846-C32A37447917}.Debug|Any CPU.ActiveCfg = Debug|Any CPU
		{DE6AA2D1-364D-4007-9846-C32A37447917}.Debug|Any CPU.Build.0 = Debug|Any CPU
		{DE6AA2D1-364D-4007-9846-C32A37447917}.Debug|x64.ActiveCfg = Debug|Any CPU
		{DE6AA2D1-364D-4007-9846-C32A37447917}.Debug|x64.Build.0 = Debug|Any CPU
		{DE6AA2D1-364D-4007-9846-C32A37447917}.Debug|x86.ActiveCfg = Debug|Any CPU
		{DE6AA2D1-364D-4007-9846-C32A37447917}.Debug|x86.Build.0 = Debug|Any CPU
		{DE6AA2D1-364D-4007-9846-C32A37447917}.Release|Any CPU.ActiveCfg = Release|Any CPU
		{DE6AA2D1-364D-4007-9846-C32A37447917}.Release|Any CPU.Build.0 = Release|Any CPU
		{DE6AA2D1-364D-4007-9846-C32A37447917}.Release|x64.ActiveCfg = Release|Any CPU
		{DE6AA2D1-364D-4007-9846-C32A37447917}.Release|x64.Build.0 = Release|Any CPU
		{DE6AA2D1-364D-4007-9846-C32A37447917}.Release|x86.ActiveCfg = Release|Any CPU
		{DE6AA2D1-364D-4007-9846-C32A37447917}.Release|x86.Build.0 = Release|Any CPU
		{B08A3F2A-0076-4DB8-8918-0090585F3D1A}.Debug|Any CPU.ActiveCfg = Debug|Any CPU
		{B08A3F2A-0076-4DB8-8918-0090585F3D1A}.Debug|Any CPU.Build.0 = Debug|Any CPU
		{B08A3F2A-0076-4DB8-8918-0090585F3D1A}.Debug|x64.ActiveCfg = Debug|Any CPU
		{B08A3F2A-0076-4DB8-8918-0090585F3D1A}.Debug|x64.Build.0 = Debug|Any CPU
		{B08A3F2A-0076-4DB8-8918-0090585F3D1A}.Debug|x86.ActiveCfg = Debug|Any CPU
		{B08A3F2A-0076-4DB8-8918-0090585F3D1A}.Debug|x86.Build.0 = Debug|Any CPU
		{B08A3F2A-0076-4DB8-8918-0090585F3D1A}.Release|Any CPU.ActiveCfg = Release|Any CPU
		{B08A3F2A-0076-4DB8-8918-0090585F3D1A}.Release|Any CPU.Build.0 = Release|Any CPU
		{B08A3F2A-0076-4DB8-8918-0090585F3D1A}.Release|x64.ActiveCfg = Release|Any CPU
		{B08A3F2A-0076-4DB8-8918-0090585F3D1A}.Release|x64.Build.0 = Release|Any CPU
		{B08A3F2A-0076-4DB8-8918-0090585F3D1A}.Release|x86.ActiveCfg = Release|Any CPU
		{B08A3F2A-0076-4DB8-8918-0090585F3D1A}.Release|x86.Build.0 = Release|Any CPU
		{27F9D9C8-094E-4B80-A118-AECB20342A9A}.Debug|Any CPU.ActiveCfg = Debug|Any CPU
		{27F9D9C8-094E-4B80-A118-AECB20342A9A}.Debug|Any CPU.Build.0 = Debug|Any CPU
		{27F9D9C8-094E-4B80-A118-AECB20342A9A}.Debug|x64.ActiveCfg = Debug|Any CPU
		{27F9D9C8-094E-4B80-A118-AECB20342A9A}.Debug|x64.Build.0 = Debug|Any CPU
		{27F9D9C8-094E-4B80-A118-AECB20342A9A}.Debug|x86.ActiveCfg = Debug|Any CPU
		{27F9D9C8-094E-4B80-A118-AECB20342A9A}.Debug|x86.Build.0 = Debug|Any CPU
		{27F9D9C8-094E-4B80-A118-AECB20342A9A}.Release|Any CPU.ActiveCfg = Release|Any CPU
		{27F9D9C8-094E-4B80-A118-AECB20342A9A}.Release|Any CPU.Build.0 = Release|Any CPU
		{27F9D9C8-094E-4B80-A118-AECB20342A9A}.Release|x64.ActiveCfg = Release|Any CPU
		{27F9D9C8-094E-4B80-A118-AECB20342A9A}.Release|x64.Build.0 = Release|Any CPU
		{27F9D9C8-094E-4B80-A118-AECB20342A9A}.Release|x86.ActiveCfg = Release|Any CPU
		{27F9D9C8-094E-4B80-A118-AECB20342A9A}.Release|x86.Build.0 = Release|Any CPU
		{E00808BA-74E5-4046-97E0-E6BF53072373}.Debug|Any CPU.ActiveCfg = Debug|Any CPU
		{E00808BA-74E5-4046-97E0-E6BF53072373}.Debug|Any CPU.Build.0 = Debug|Any CPU
		{E00808BA-74E5-4046-97E0-E6BF53072373}.Debug|x64.ActiveCfg = Debug|Any CPU
		{E00808BA-74E5-4046-97E0-E6BF53072373}.Debug|x64.Build.0 = Debug|Any CPU
		{E00808BA-74E5-4046-97E0-E6BF53072373}.Debug|x86.ActiveCfg = Debug|Any CPU
		{E00808BA-74E5-4046-97E0-E6BF53072373}.Debug|x86.Build.0 = Debug|Any CPU
		{E00808BA-74E5-4046-97E0-E6BF53072373}.Release|Any CPU.ActiveCfg = Release|Any CPU
		{E00808BA-74E5-4046-97E0-E6BF53072373}.Release|Any CPU.Build.0 = Release|Any CPU
		{E00808BA-74E5-4046-97E0-E6BF53072373}.Release|x64.ActiveCfg = Release|Any CPU
		{E00808BA-74E5-4046-97E0-E6BF53072373}.Release|x64.Build.0 = Release|Any CPU
		{E00808BA-74E5-4046-97E0-E6BF53072373}.Release|x86.ActiveCfg = Release|Any CPU
		{E00808BA-74E5-4046-97E0-E6BF53072373}.Release|x86.Build.0 = Release|Any CPU
		{F2F36B5A-BBEB-4C72-8D27-841E0916E67E}.Debug|Any CPU.ActiveCfg = Debug|Any CPU
		{F2F36B5A-BBEB-4C72-8D27-841E0916E67E}.Debug|Any CPU.Build.0 = Debug|Any CPU
		{F2F36B5A-BBEB-4C72-8D27-841E0916E67E}.Debug|x64.ActiveCfg = Debug|Any CPU
		{F2F36B5A-BBEB-4C72-8D27-841E0916E67E}.Debug|x64.Build.0 = Debug|Any CPU
		{F2F36B5A-BBEB-4C72-8D27-841E0916E67E}.Debug|x86.ActiveCfg = Debug|Any CPU
		{F2F36B5A-BBEB-4C72-8D27-841E0916E67E}.Debug|x86.Build.0 = Debug|Any CPU
		{F2F36B5A-BBEB-4C72-8D27-841E0916E67E}.Release|Any CPU.ActiveCfg = Release|Any CPU
		{F2F36B5A-BBEB-4C72-8D27-841E0916E67E}.Release|Any CPU.Build.0 = Release|Any CPU
		{F2F36B5A-BBEB-4C72-8D27-841E0916E67E}.Release|x64.ActiveCfg = Release|Any CPU
		{F2F36B5A-BBEB-4C72-8D27-841E0916E67E}.Release|x64.Build.0 = Release|Any CPU
		{F2F36B5A-BBEB-4C72-8D27-841E0916E67E}.Release|x86.ActiveCfg = Release|Any CPU
		{F2F36B5A-BBEB-4C72-8D27-841E0916E67E}.Release|x86.Build.0 = Release|Any CPU
		{6A54EB36-9182-4761-BEEC-4B633E15630C}.Debug|Any CPU.ActiveCfg = Debug|Any CPU
		{6A54EB36-9182-4761-BEEC-4B633E15630C}.Debug|Any CPU.Build.0 = Debug|Any CPU
		{6A54EB36-9182-4761-BEEC-4B633E15630C}.Debug|x64.ActiveCfg = Debug|Any CPU
		{6A54EB36-9182-4761-BEEC-4B633E15630C}.Debug|x64.Build.0 = Debug|Any CPU
		{6A54EB36-9182-4761-BEEC-4B633E15630C}.Debug|x86.ActiveCfg = Debug|Any CPU
		{6A54EB36-9182-4761-BEEC-4B633E15630C}.Debug|x86.Build.0 = Debug|Any CPU
		{6A54EB36-9182-4761-BEEC-4B633E15630C}.Release|Any CPU.ActiveCfg = Release|Any CPU
		{6A54EB36-9182-4761-BEEC-4B633E15630C}.Release|Any CPU.Build.0 = Release|Any CPU
		{6A54EB36-9182-4761-BEEC-4B633E15630C}.Release|x64.ActiveCfg = Release|Any CPU
		{6A54EB36-9182-4761-BEEC-4B633E15630C}.Release|x64.Build.0 = Release|Any CPU
		{6A54EB36-9182-4761-BEEC-4B633E15630C}.Release|x86.ActiveCfg = Release|Any CPU
		{6A54EB36-9182-4761-BEEC-4B633E15630C}.Release|x86.Build.0 = Release|Any CPU
		{A221C95D-EC23-4606-A788-B5770106FADE}.Debug|Any CPU.ActiveCfg = Debug|Any CPU
		{A221C95D-EC23-4606-A788-B5770106FADE}.Debug|Any CPU.Build.0 = Debug|Any CPU
		{A221C95D-EC23-4606-A788-B5770106FADE}.Debug|x64.ActiveCfg = Debug|Any CPU
		{A221C95D-EC23-4606-A788-B5770106FADE}.Debug|x64.Build.0 = Debug|Any CPU
		{A221C95D-EC23-4606-A788-B5770106FADE}.Debug|x86.ActiveCfg = Debug|Any CPU
		{A221C95D-EC23-4606-A788-B5770106FADE}.Debug|x86.Build.0 = Debug|Any CPU
		{A221C95D-EC23-4606-A788-B5770106FADE}.Release|Any CPU.ActiveCfg = Release|Any CPU
		{A221C95D-EC23-4606-A788-B5770106FADE}.Release|Any CPU.Build.0 = Release|Any CPU
		{A221C95D-EC23-4606-A788-B5770106FADE}.Release|x64.ActiveCfg = Release|Any CPU
		{A221C95D-EC23-4606-A788-B5770106FADE}.Release|x64.Build.0 = Release|Any CPU
		{A221C95D-EC23-4606-A788-B5770106FADE}.Release|x86.ActiveCfg = Release|Any CPU
		{A221C95D-EC23-4606-A788-B5770106FADE}.Release|x86.Build.0 = Release|Any CPU
		{B79FB062-CA10-483D-8017-A2FFF1D9CEF5}.Debug|Any CPU.ActiveCfg = Debug|Any CPU
		{B79FB062-CA10-483D-8017-A2FFF1D9CEF5}.Debug|Any CPU.Build.0 = Debug|Any CPU
		{B79FB062-CA10-483D-8017-A2FFF1D9CEF5}.Debug|x64.ActiveCfg = Debug|Any CPU
		{B79FB062-CA10-483D-8017-A2FFF1D9CEF5}.Debug|x64.Build.0 = Debug|Any CPU
		{B79FB062-CA10-483D-8017-A2FFF1D9CEF5}.Debug|x86.ActiveCfg = Debug|Any CPU
		{B79FB062-CA10-483D-8017-A2FFF1D9CEF5}.Debug|x86.Build.0 = Debug|Any CPU
		{B79FB062-CA10-483D-8017-A2FFF1D9CEF5}.Release|Any CPU.ActiveCfg = Release|Any CPU
		{B79FB062-CA10-483D-8017-A2FFF1D9CEF5}.Release|Any CPU.Build.0 = Release|Any CPU
		{B79FB062-CA10-483D-8017-A2FFF1D9CEF5}.Release|x64.ActiveCfg = Release|Any CPU
		{B79FB062-CA10-483D-8017-A2FFF1D9CEF5}.Release|x64.Build.0 = Release|Any CPU
		{B79FB062-CA10-483D-8017-A2FFF1D9CEF5}.Release|x86.ActiveCfg = Release|Any CPU
		{B79FB062-CA10-483D-8017-A2FFF1D9CEF5}.Release|x86.Build.0 = Release|Any CPU
		{20DC8CB2-6821-4987-A40E-38CD6468E3FB}.Debug|Any CPU.ActiveCfg = Debug|Any CPU
		{20DC8CB2-6821-4987-A40E-38CD6468E3FB}.Debug|Any CPU.Build.0 = Debug|Any CPU
		{20DC8CB2-6821-4987-A40E-38CD6468E3FB}.Debug|x64.ActiveCfg = Debug|Any CPU
		{20DC8CB2-6821-4987-A40E-38CD6468E3FB}.Debug|x64.Build.0 = Debug|Any CPU
		{20DC8CB2-6821-4987-A40E-38CD6468E3FB}.Debug|x86.ActiveCfg = Debug|Any CPU
		{20DC8CB2-6821-4987-A40E-38CD6468E3FB}.Debug|x86.Build.0 = Debug|Any CPU
		{20DC8CB2-6821-4987-A40E-38CD6468E3FB}.Release|Any CPU.ActiveCfg = Release|Any CPU
		{20DC8CB2-6821-4987-A40E-38CD6468E3FB}.Release|Any CPU.Build.0 = Release|Any CPU
		{20DC8CB2-6821-4987-A40E-38CD6468E3FB}.Release|x64.ActiveCfg = Release|Any CPU
		{20DC8CB2-6821-4987-A40E-38CD6468E3FB}.Release|x64.Build.0 = Release|Any CPU
		{20DC8CB2-6821-4987-A40E-38CD6468E3FB}.Release|x86.ActiveCfg = Release|Any CPU
		{20DC8CB2-6821-4987-A40E-38CD6468E3FB}.Release|x86.Build.0 = Release|Any CPU
	EndGlobalSection
	GlobalSection(SolutionProperties) = preSolution
		HideSolutionNode = FALSE
	EndGlobalSection
	GlobalSection(NestedProjects) = preSolution
		{169DA141-15CE-4CD5-8743-FB07098514F9} = {5D20AA90-6969-D8BD-9DCD-8634F4692FDA}
		{376B72ED-F2B7-4A21-8AFA-425BCC3A4A84} = {5D20AA90-6969-D8BD-9DCD-8634F4692FDA}
		{464A07A5-C0A3-4A72-BEC8-1A828910A00C} = {827E0CD3-B72D-47B6-A68D-7590B98EB39B}
		{4C801BB2-6913-4118-8A5B-A2C408B2E215} = {827E0CD3-B72D-47B6-A68D-7590B98EB39B}
		{53F3E811-EAFE-4E18-8331-183BD4171F50} = {0AB3BF05-4346-4AA6-1389-037BE0695223}
		{5E14F0DF-8E1F-4ACC-B7AE-265D6B9FE4E2} = {0AB3BF05-4346-4AA6-1389-037BE0695223}
		{18EDF92B-C480-4B91-A057-CCC73F39704B} = {0AB3BF05-4346-4AA6-1389-037BE0695223}
		{DE6AA2D1-364D-4007-9846-C32A37447917} = {0AB3BF05-4346-4AA6-1389-037BE0695223}
		{B08A3F2A-0076-4DB8-8918-0090585F3D1A} = {0AB3BF05-4346-4AA6-1389-037BE0695223}
		{27F9D9C8-094E-4B80-A118-AECB20342A9A} = {5D20AA90-6969-D8BD-9DCD-8634F4692FDA}
		{E00808BA-74E5-4046-97E0-E6BF53072373} = {5D20AA90-6969-D8BD-9DCD-8634F4692FDA}
		{F2F36B5A-BBEB-4C72-8D27-841E0916E67E} = {5D20AA90-6969-D8BD-9DCD-8634F4692FDA}
		{6A54EB36-9182-4761-BEEC-4B633E15630C} = {5D20AA90-6969-D8BD-9DCD-8634F4692FDA}
		{A221C95D-EC23-4606-A788-B5770106FADE} = {5D20AA90-6969-D8BD-9DCD-8634F4692FDA}
		{B79FB062-CA10-483D-8017-A2FFF1D9CEF5} = {5D20AA90-6969-D8BD-9DCD-8634F4692FDA}
		{20DC8CB2-6821-4987-A40E-38CD6468E3FB} = {5D20AA90-6969-D8BD-9DCD-8634F4692FDA}
	EndGlobalSection
EndGlobal
