
Microsoft Visual Studio Solution File, Format Version 12.00
# Visual Studio Version 17
Project("{F2A71F9B-5D33-465A-A702-920D77279786}") = "Lib", "src\Lib\Lib.fsproj", "{00000000-0000-0000-0000-000000000001}"
EndProject
Project("{F2A71F9B-5D33-465A-A702-920D77279786}") = "Lib.Tests", "tests\Lib.Tests\Lib.Tests.fsproj", "{00000000-0000-0000-0000-000000000002}"
EndProject
Project("{2150E333-8FDC-42A3-9474-1A3956D46DE8}") = "samples", "samples", "{5D20AA90-6969-D8BD-9DCD-8634F4692FDA}"
EndProject
Project("{F2A71F9B-5D33-465A-A702-920D77279786}") = "BasicViewer", "samples\BasicViewer\BasicViewer.fsproj", "{169DA141-15CE-4CD5-8743-FB07098514F9}"
EndProject
Project("{2150E333-8FDC-42A3-9474-1A3956D46DE8}") = "src", "src", "{827E0CD3-B72D-47B6-A68D-7590B98EB39B}"
EndProject
Project("{F2A71F9B-5D33-465A-A702-920D77279786}") = "InteractiveViewer", "samples\InteractiveViewer\InteractiveViewer.fsproj", "{376B72ED-F2B7-4A21-8AFA-425BCC3A4A84}"
EndProject
Project("{F2A71F9B-5D33-465A-A702-920D77279786}") = "Layout", "src\Layout\Layout.fsproj", "{4C801BB2-6913-4118-8A5B-A2C408B2E215}"
EndProject
Project("{2150E333-8FDC-42A3-9474-1A3956D46DE8}") = "tests", "tests", "{0AB3BF05-4346-4AA6-1389-037BE0695223}"
EndProject
Project("{F2A71F9B-5D33-465A-A702-920D77279786}") = "Layout.Tests", "tests\Layout.Tests\Layout.Tests.fsproj", "{5E14F0DF-8E1F-4ACC-B7AE-265D6B9FE4E2}"
EndProject
Project("{F2A71F9B-5D33-465A-A702-920D77279786}") = "Parity.Tests", "tests\Parity.Tests\Parity.Tests.fsproj", "{18EDF92B-C480-4B91-A057-CCC73F39704B}"
EndProject
Project("{F2A71F9B-5D33-465A-A702-920D77279786}") = "Package.Tests", "tests\Package.Tests\Package.Tests.fsproj", "{DE6AA2D1-364D-4007-9846-C32A37447917}"
EndProject
Project("{F2A71F9B-5D33-465A-A702-920D77279786}") = "Smoke.Tests", "tests\Smoke.Tests\Smoke.Tests.fsproj", "{B08A3F2A-0076-4DB8-8918-0090585F3D1A}"
EndProject
Project("{F2A71F9B-5D33-465A-A702-920D77279786}") = "ParityGallery", "samples\ParityGallery\ParityGallery.fsproj", "{27F9D9C8-094E-4B80-A118-AECB20342A9A}"
EndProject
Project("{F2A71F9B-5D33-465A-A702-920D77279786}") = "EffectsGallery", "samples\EffectsGallery\EffectsGallery.fsproj", "{E00808BA-74E5-4046-97E0-E6BF53072373}"
EndProject
Project("{F2A71F9B-5D33-465A-A702-920D77279786}") = "DataGridGallery", "samples\DataGridGallery\DataGridGallery.fsproj", "{6A54EB36-9182-4761-BEEC-4B633E15630C}"
EndProject
Project("{F2A71F9B-5D33-465A-A702-920D77279786}") = "LayoutGraphGallery", "samples\LayoutGraphGallery\LayoutGraphGallery.fsproj", "{A221C95D-EC23-4606-A788-B5770106FADE}"
EndProject
Project("{F2A71F9B-5D33-465A-A702-920D77279786}") = "ScreenshotGallery", "samples\ScreenshotGallery\ScreenshotGallery.fsproj", "{B79FB062-CA10-483D-8017-A2FFF1D9CEF5}"
EndProject
Project("{F2A71F9B-5D33-465A-A702-920D77279786}") = "DemoReel", "samples\DemoReel\DemoReel.fsproj", "{20DC8CB2-6821-4987-A40E-38CD6468E3FB}"
EndProject
Project("{F2A71F9B-5D33-465A-A702-920D77279786}") = "KeyboardInputGallery", "samples\KeyboardInputGallery\KeyboardInputGallery.fsproj", "{0E694E20-C625-4060-A7FA-AD1CEA3843F9}"
EndProject
Project("{F2A71F9B-5D33-465A-A702-920D77279786}") = "Governance.Tests", "tests\Governance.Tests\Governance.Tests.fsproj", "{E39EFA6A-0FA8-4D5A-9B45-DF851D1C430A}"
EndProject
Project("{F2A71F9B-5D33-465A-A702-920D77279786}") = "Scene", "src\Scene\Scene.fsproj", "{6CFBF045-19E9-4894-8F92-4E79C7CB88E8}"
EndProject
Project("{F2A71F9B-5D33-465A-A702-920D77279786}") = "SkiaViewer", "src\SkiaViewer\SkiaViewer.fsproj", "{B4441134-2FF7-47AE-AAE0-A594DACB0C95}"
EndProject
Project("{F2A71F9B-5D33-465A-A702-920D77279786}") = "Elmish", "src\Elmish\Elmish.fsproj", "{94E05B39-AB44-431E-8EE4-A9ECFF726BC5}"
EndProject
Project("{F2A71F9B-5D33-465A-A702-920D77279786}") = "KeyboardInput", "src\KeyboardInput\KeyboardInput.fsproj", "{5C38E980-DBF4-4764-A33D-C5EC2D685F03}"
EndProject
Project("{F2A71F9B-5D33-465A-A702-920D77279786}") = "Testing", "src\Testing\Testing.fsproj", "{DD9524EC-42ED-4FAF-8F46-4E76965E6F1C}"
EndProject
Project("{F2A71F9B-5D33-465A-A702-920D77279786}") = "Scene.Tests", "tests\Scene.Tests\Scene.Tests.fsproj", "{7EE1775F-4C60-4A3E-8BED-45B0075D6A74}"
EndProject
Project("{F2A71F9B-5D33-465A-A702-920D77279786}") = "SkiaViewer.Tests", "tests\SkiaViewer.Tests\SkiaViewer.Tests.fsproj", "{3818A126-0A52-444D-B1E0-6A3EC47AC8A1}"
EndProject
Project("{F2A71F9B-5D33-465A-A702-920D77279786}") = "Elmish.Tests", "tests\Elmish.Tests\Elmish.Tests.fsproj", "{E25594D3-1BEF-4FB7-8A4F-09B992E81521}"
EndProject
Project("{F2A71F9B-5D33-465A-A702-920D77279786}") = "KeyboardInput.Tests", "tests\KeyboardInput.Tests\KeyboardInput.Tests.fsproj", "{71D271B4-B587-4ADE-A908-57183BE284FE}"
EndProject
Project("{F2A71F9B-5D33-465A-A702-920D77279786}") = "Testing.Tests", "tests\Testing.Tests\Testing.Tests.fsproj", "{6CAE96EA-E533-4A8A-A422-1B98EC448868}"
EndProject
Project("{F2A71F9B-5D33-465A-A702-920D77279786}") = "ChartsGallery", "samples\ChartsGallery\ChartsGallery.fsproj", "{86817AE3-3FB8-4B33-BF42-31E46A2D7FA3}"
EndProject
Project("{F2A71F9B-5D33-465A-A702-920D77279786}") = "Controls", "src\Controls\Controls.fsproj", "{9874B81E-95D1-4D38-A734-87474455BA41}"
EndProject
Project("{2150E333-8FDC-42A3-9474-1A3956D46DE8}") = "build", "build", "{DEE5DD87-39C1-BF34-B639-A387DCCF972B}"
EndProject
Project("{2150E333-8FDC-42A3-9474-1A3956D46DE8}") = "Governance", "Governance", "{F72A67A3-F357-F43F-1AE2-9C7C7991C223}"
EndProject
Project("{F2A71F9B-5D33-465A-A702-920D77279786}") = "FS.Skia.UI.Build", "build\Governance\FS.Skia.UI.Build.fsproj", "{F6BE5DF0-B441-4AB3-B0BB-EF95DFF0454E}"
EndProject
Project("{F2A71F9B-5D33-465A-A702-920D77279786}") = "Build", "build\Build.fsproj", "{782696EA-1B67-4DEF-B617-B8A06A475CDF}"
EndProject
Global
	GlobalSection(SolutionConfigurationPlatforms) = preSolution
		Debug|Any CPU = Debug|Any CPU
		Debug|x64 = Debug|x64
		Debug|x86 = Debug|x86
		Release|Any CPU = Release|Any CPU
		Release|x64 = Release|x64
		Release|x86 = Release|x86
	EndGlobalSection
	GlobalSection(ProjectConfigurationPlatforms) = postSolution
		{00000000-0000-0000-0000-000000000001}.Debug|Any CPU.ActiveCfg = Debug|Any CPU
		{00000000-0000-0000-0000-000000000001}.Debug|Any CPU.Build.0 = Debug|Any CPU
		{00000000-0000-0000-0000-000000000001}.Debug|x64.ActiveCfg = Debug|Any CPU
		{00000000-0000-0000-0000-000000000001}.Debug|x64.Build.0 = Debug|Any CPU
		{00000000-0000-0000-0000-000000000001}.Debug|x86.ActiveCfg = Debug|Any CPU
		{00000000-0000-0000-0000-000000000001}.Debug|x86.Build.0 = Debug|Any CPU
		{00000000-0000-0000-0000-000000000001}.Release|Any CPU.ActiveCfg = Release|Any CPU
		{00000000-0000-0000-0000-000000000001}.Release|Any CPU.Build.0 = Release|Any CPU
		{00000000-0000-0000-0000-000000000001}.Release|x64.ActiveCfg = Release|Any CPU
		{00000000-0000-0000-0000-000000000001}.Release|x64.Build.0 = Release|Any CPU
		{00000000-0000-0000-0000-000000000001}.Release|x86.ActiveCfg = Release|Any CPU
		{00000000-0000-0000-0000-000000000001}.Release|x86.Build.0 = Release|Any CPU
		{00000000-0000-0000-0000-000000000002}.Debug|Any CPU.ActiveCfg = Debug|Any CPU
		{00000000-0000-0000-0000-000000000002}.Debug|Any CPU.Build.0 = Debug|Any CPU
		{00000000-0000-0000-0000-000000000002}.Debug|x64.ActiveCfg = Debug|Any CPU
		{00000000-0000-0000-0000-000000000002}.Debug|x64.Build.0 = Debug|Any CPU
		{00000000-0000-0000-0000-000000000002}.Debug|x86.ActiveCfg = Debug|Any CPU
		{00000000-0000-0000-0000-000000000002}.Debug|x86.Build.0 = Debug|Any CPU
		{00000000-0000-0000-0000-000000000002}.Release|Any CPU.ActiveCfg = Release|Any CPU
		{00000000-0000-0000-0000-000000000002}.Release|Any CPU.Build.0 = Release|Any CPU
		{00000000-0000-0000-0000-000000000002}.Release|x64.ActiveCfg = Release|Any CPU
		{00000000-0000-0000-0000-000000000002}.Release|x64.Build.0 = Release|Any CPU
		{00000000-0000-0000-0000-000000000002}.Release|x86.ActiveCfg = Release|Any CPU
		{00000000-0000-0000-0000-000000000002}.Release|x86.Build.0 = Release|Any CPU
		{169DA141-15CE-4CD5-8743-FB07098514F9}.Debug|Any CPU.ActiveCfg = Debug|Any CPU
		{169DA141-15CE-4CD5-8743-FB07098514F9}.Debug|Any CPU.Build.0 = Debug|Any CPU
		{169DA141-15CE-4CD5-8743-FB07098514F9}.Debug|x64.ActiveCfg = Debug|Any CPU
		{169DA141-15CE-4CD5-8743-FB07098514F9}.Debug|x64.Build.0 = Debug|Any CPU
		{169DA141-15CE-4CD5-8743-FB07098514F9}.Debug|x86.ActiveCfg = Debug|Any CPU
		{169DA141-15CE-4CD5-8743-FB07098514F9}.Debug|x86.Build.0 = Debug|Any CPU
		{169DA141-15CE-4CD5-8743-FB07098514F9}.Release|Any CPU.ActiveCfg = Release|Any CPU
		{169DA141-15CE-4CD5-8743-FB07098514F9}.Release|Any CPU.Build.0 = Release|Any CPU
		{169DA141-15CE-4CD5-8743-FB07098514F9}.Release|x64.ActiveCfg = Release|Any CPU
		{169DA141-15CE-4CD5-8743-FB07098514F9}.Release|x64.Build.0 = Release|Any CPU
		{169DA141-15CE-4CD5-8743-FB07098514F9}.Release|x86.ActiveCfg = Release|Any CPU
		{169DA141-15CE-4CD5-8743-FB07098514F9}.Release|x86.Build.0 = Release|Any CPU
		{376B72ED-F2B7-4A21-8AFA-425BCC3A4A84}.Debug|Any CPU.ActiveCfg = Debug|Any CPU
		{376B72ED-F2B7-4A21-8AFA-425BCC3A4A84}.Debug|Any CPU.Build.0 = Debug|Any CPU
		{376B72ED-F2B7-4A21-8AFA-425BCC3A4A84}.Debug|x64.ActiveCfg = Debug|Any CPU
		{376B72ED-F2B7-4A21-8AFA-425BCC3A4A84}.Debug|x64.Build.0 = Debug|Any CPU
		{376B72ED-F2B7-4A21-8AFA-425BCC3A4A84}.Debug|x86.ActiveCfg = Debug|Any CPU
		{376B72ED-F2B7-4A21-8AFA-425BCC3A4A84}.Debug|x86.Build.0 = Debug|Any CPU
		{376B72ED-F2B7-4A21-8AFA-425BCC3A4A84}.Release|Any CPU.ActiveCfg = Release|Any CPU
		{376B72ED-F2B7-4A21-8AFA-425BCC3A4A84}.Release|Any CPU.Build.0 = Release|Any CPU
		{376B72ED-F2B7-4A21-8AFA-425BCC3A4A84}.Release|x64.ActiveCfg = Release|Any CPU
		{376B72ED-F2B7-4A21-8AFA-425BCC3A4A84}.Release|x64.Build.0 = Release|Any CPU
		{376B72ED-F2B7-4A21-8AFA-425BCC3A4A84}.Release|x86.ActiveCfg = Release|Any CPU
		{376B72ED-F2B7-4A21-8AFA-425BCC3A4A84}.Release|x86.Build.0 = Release|Any CPU
		{4C801BB2-6913-4118-8A5B-A2C408B2E215}.Debug|Any CPU.ActiveCfg = Debug|Any CPU
		{4C801BB2-6913-4118-8A5B-A2C408B2E215}.Debug|Any CPU.Build.0 = Debug|Any CPU
		{4C801BB2-6913-4118-8A5B-A2C408B2E215}.Debug|x64.ActiveCfg = Debug|Any CPU
		{4C801BB2-6913-4118-8A5B-A2C408B2E215}.Debug|x64.Build.0 = Debug|Any CPU
		{4C801BB2-6913-4118-8A5B-A2C408B2E215}.Debug|x86.ActiveCfg = Debug|Any CPU
		{4C801BB2-6913-4118-8A5B-A2C408B2E215}.Debug|x86.Build.0 = Debug|Any CPU
		{4C801BB2-6913-4118-8A5B-A2C408B2E215}.Release|Any CPU.ActiveCfg = Release|Any CPU
		{4C801BB2-6913-4118-8A5B-A2C408B2E215}.Release|Any CPU.Build.0 = Release|Any CPU
		{4C801BB2-6913-4118-8A5B-A2C408B2E215}.Release|x64.ActiveCfg = Release|Any CPU
		{4C801BB2-6913-4118-8A5B-A2C408B2E215}.Release|x64.Build.0 = Release|Any CPU
		{4C801BB2-6913-4118-8A5B-A2C408B2E215}.Release|x86.ActiveCfg = Release|Any CPU
		{4C801BB2-6913-4118-8A5B-A2C408B2E215}.Release|x86.Build.0 = Release|Any CPU
		{5E14F0DF-8E1F-4ACC-B7AE-265D6B9FE4E2}.Debug|Any CPU.ActiveCfg = Debug|Any CPU
		{5E14F0DF-8E1F-4ACC-B7AE-265D6B9FE4E2}.Debug|Any CPU.Build.0 = Debug|Any CPU
		{5E14F0DF-8E1F-4ACC-B7AE-265D6B9FE4E2}.Debug|x64.ActiveCfg = Debug|Any CPU
		{5E14F0DF-8E1F-4ACC-B7AE-265D6B9FE4E2}.Debug|x64.Build.0 = Debug|Any CPU
		{5E14F0DF-8E1F-4ACC-B7AE-265D6B9FE4E2}.Debug|x86.ActiveCfg = Debug|Any CPU
		{5E14F0DF-8E1F-4ACC-B7AE-265D6B9FE4E2}.Debug|x86.Build.0 = Debug|Any CPU
		{5E14F0DF-8E1F-4ACC-B7AE-265D6B9FE4E2}.Release|Any CPU.ActiveCfg = Release|Any CPU
		{5E14F0DF-8E1F-4ACC-B7AE-265D6B9FE4E2}.Release|Any CPU.Build.0 = Release|Any CPU
		{5E14F0DF-8E1F-4ACC-B7AE-265D6B9FE4E2}.Release|x64.ActiveCfg = Release|Any CPU
		{5E14F0DF-8E1F-4ACC-B7AE-265D6B9FE4E2}.Release|x64.Build.0 = Release|Any CPU
		{5E14F0DF-8E1F-4ACC-B7AE-265D6B9FE4E2}.Release|x86.ActiveCfg = Release|Any CPU
		{5E14F0DF-8E1F-4ACC-B7AE-265D6B9FE4E2}.Release|x86.Build.0 = Release|Any CPU
		{18EDF92B-C480-4B91-A057-CCC73F39704B}.Debug|Any CPU.ActiveCfg = Debug|Any CPU
		{18EDF92B-C480-4B91-A057-CCC73F39704B}.Debug|Any CPU.Build.0 = Debug|Any CPU
		{18EDF92B-C480-4B91-A057-CCC73F39704B}.Debug|x64.ActiveCfg = Debug|Any CPU
		{18EDF92B-C480-4B91-A057-CCC73F39704B}.Debug|x64.Build.0 = Debug|Any CPU
		{18EDF92B-C480-4B91-A057-CCC73F39704B}.Debug|x86.ActiveCfg = Debug|Any CPU
		{18EDF92B-C480-4B91-A057-CCC73F39704B}.Debug|x86.Build.0 = Debug|Any CPU
		{18EDF92B-C480-4B91-A057-CCC73F39704B}.Release|Any CPU.ActiveCfg = Release|Any CPU
		{18EDF92B-C480-4B91-A057-CCC73F39704B}.Release|Any CPU.Build.0 = Release|Any CPU
		{18EDF92B-C480-4B91-A057-CCC73F39704B}.Release|x64.ActiveCfg = Release|Any CPU
		{18EDF92B-C480-4B91-A057-CCC73F39704B}.Release|x64.Build.0 = Release|Any CPU
		{18EDF92B-C480-4B91-A057-CCC73F39704B}.Release|x86.ActiveCfg = Release|Any CPU
		{18EDF92B-C480-4B91-A057-CCC73F39704B}.Release|x86.Build.0 = Release|Any CPU
		{DE6AA2D1-364D-4007-9846-C32A37447917}.Debug|Any CPU.ActiveCfg = Debug|Any CPU
		{DE6AA2D1-364D-4007-9846-C32A37447917}.Debug|Any CPU.Build.0 = Debug|Any CPU
		{DE6AA2D1-364D-4007-9846-C32A37447917}.Debug|x64.ActiveCfg = Debug|Any CPU
		{DE6AA2D1-364D-4007-9846-C32A37447917}.Debug|x64.Build.0 = Debug|Any CPU
		{DE6AA2D1-364D-4007-9846-C32A37447917}.Debug|x86.ActiveCfg = Debug|Any CPU
		{DE6AA2D1-364D-4007-9846-C32A37447917}.Debug|x86.Build.0 = Debug|Any CPU
		{DE6AA2D1-364D-4007-9846-C32A37447917}.Release|Any CPU.ActiveCfg = Release|Any CPU
		{DE6AA2D1-364D-4007-9846-C32A37447917}.Release|Any CPU.Build.0 = Release|Any CPU
		{DE6AA2D1-364D-4007-9846-C32A37447917}.Release|x64.ActiveCfg = Release|Any CPU
		{DE6AA2D1-364D-4007-9846-C32A37447917}.Release|x64.Build.0 = Release|Any CPU
		{DE6AA2D1-364D-4007-9846-C32A37447917}.Release|x86.ActiveCfg = Release|Any CPU
		{DE6AA2D1-364D-4007-9846-C32A37447917}.Release|x86.Build.0 = Release|Any CPU
		{B08A3F2A-0076-4DB8-8918-0090585F3D1A}.Debug|Any CPU.ActiveCfg = Debug|Any CPU
		{B08A3F2A-0076-4DB8-8918-0090585F3D1A}.Debug|Any CPU.Build.0 = Debug|Any CPU
		{B08A3F2A-0076-4DB8-8918-0090585F3D1A}.Debug|x64.ActiveCfg = Debug|Any CPU
		{B08A3F2A-0076-4DB8-8918-0090585F3D1A}.Debug|x64.Build.0 = Debug|Any CPU
		{B08A3F2A-0076-4DB8-8918-0090585F3D1A}.Debug|x86.ActiveCfg = Debug|Any CPU
		{B08A3F2A-0076-4DB8-8918-0090585F3D1A}.Debug|x86.Build.0 = Debug|Any CPU
		{B08A3F2A-0076-4DB8-8918-0090585F3D1A}.Release|Any CPU.ActiveCfg = Release|Any CPU
		{B08A3F2A-0076-4DB8-8918-0090585F3D1A}.Release|Any CPU.Build.0 = Release|Any CPU
		{B08A3F2A-0076-4DB8-8918-0090585F3D1A}.Release|x64.ActiveCfg = Release|Any CPU
		{B08A3F2A-0076-4DB8-8918-0090585F3D1A}.Release|x64.Build.0 = Release|Any CPU
		{B08A3F2A-0076-4DB8-8918-0090585F3D1A}.Release|x86.ActiveCfg = Release|Any CPU
		{B08A3F2A-0076-4DB8-8918-0090585F3D1A}.Release|x86.Build.0 = Release|Any CPU
		{27F9D9C8-094E-4B80-A118-AECB20342A9A}.Debug|Any CPU.ActiveCfg = Debug|Any CPU
		{27F9D9C8-094E-4B80-A118-AECB20342A9A}.Debug|Any CPU.Build.0 = Debug|Any CPU
		{27F9D9C8-094E-4B80-A118-AECB20342A9A}.Debug|x64.ActiveCfg = Debug|Any CPU
		{27F9D9C8-094E-4B80-A118-AECB20342A9A}.Debug|x64.Build.0 = Debug|Any CPU
		{27F9D9C8-094E-4B80-A118-AECB20342A9A}.Debug|x86.ActiveCfg = Debug|Any CPU
		{27F9D9C8-094E-4B80-A118-AECB20342A9A}.Debug|x86.Build.0 = Debug|Any CPU
		{27F9D9C8-094E-4B80-A118-AECB20342A9A}.Release|Any CPU.ActiveCfg = Release|Any CPU
		{27F9D9C8-094E-4B80-A118-AECB20342A9A}.Release|Any CPU.Build.0 = Release|Any CPU
		{27F9D9C8-094E-4B80-A118-AECB20342A9A}.Release|x64.ActiveCfg = Release|Any CPU
		{27F9D9C8-094E-4B80-A118-AECB20342A9A}.Release|x64.Build.0 = Release|Any CPU
		{27F9D9C8-094E-4B80-A118-AECB20342A9A}.Release|x86.ActiveCfg = Release|Any CPU
		{27F9D9C8-094E-4B80-A118-AECB20342A9A}.Release|x86.Build.0 = Release|Any CPU
		{E00808BA-74E5-4046-97E0-E6BF53072373}.Debug|Any CPU.ActiveCfg = Debug|Any CPU
		{E00808BA-74E5-4046-97E0-E6BF53072373}.Debug|Any CPU.Build.0 = Debug|Any CPU
		{E00808BA-74E5-4046-97E0-E6BF53072373}.Debug|x64.ActiveCfg = Debug|Any CPU
		{E00808BA-74E5-4046-97E0-E6BF53072373}.Debug|x64.Build.0 = Debug|Any CPU
		{E00808BA-74E5-4046-97E0-E6BF53072373}.Debug|x86.ActiveCfg = Debug|Any CPU
		{E00808BA-74E5-4046-97E0-E6BF53072373}.Debug|x86.Build.0 = Debug|Any CPU
		{E00808BA-74E5-4046-97E0-E6BF53072373}.Release|Any CPU.ActiveCfg = Release|Any CPU
		{E00808BA-74E5-4046-97E0-E6BF53072373}.Release|Any CPU.Build.0 = Release|Any CPU
		{E00808BA-74E5-4046-97E0-E6BF53072373}.Release|x64.ActiveCfg = Release|Any CPU
		{E00808BA-74E5-4046-97E0-E6BF53072373}.Release|x64.Build.0 = Release|Any CPU
		{E00808BA-74E5-4046-97E0-E6BF53072373}.Release|x86.ActiveCfg = Release|Any CPU
		{E00808BA-74E5-4046-97E0-E6BF53072373}.Release|x86.Build.0 = Release|Any CPU
		{6A54EB36-9182-4761-BEEC-4B633E15630C}.Debug|Any CPU.ActiveCfg = Debug|Any CPU
		{6A54EB36-9182-4761-BEEC-4B633E15630C}.Debug|Any CPU.Build.0 = Debug|Any CPU
		{6A54EB36-9182-4761-BEEC-4B633E15630C}.Debug|x64.ActiveCfg = Debug|Any CPU
		{6A54EB36-9182-4761-BEEC-4B633E15630C}.Debug|x64.Build.0 = Debug|Any CPU
		{6A54EB36-9182-4761-BEEC-4B633E15630C}.Debug|x86.ActiveCfg = Debug|Any CPU
		{6A54EB36-9182-4761-BEEC-4B633E15630C}.Debug|x86.Build.0 = Debug|Any CPU
		{6A54EB36-9182-4761-BEEC-4B633E15630C}.Release|Any CPU.ActiveCfg = Release|Any CPU
		{6A54EB36-9182-4761-BEEC-4B633E15630C}.Release|Any CPU.Build.0 = Release|Any CPU
		{6A54EB36-9182-4761-BEEC-4B633E15630C}.Release|x64.ActiveCfg = Release|Any CPU
		{6A54EB36-9182-4761-BEEC-4B633E15630C}.Release|x64.Build.0 = Release|Any CPU
		{6A54EB36-9182-4761-BEEC-4B633E15630C}.Release|x86.ActiveCfg = Release|Any CPU
		{6A54EB36-9182-4761-BEEC-4B633E15630C}.Release|x86.Build.0 = Release|Any CPU
		{A221C95D-EC23-4606-A788-B5770106FADE}.Debug|Any CPU.ActiveCfg = Debug|Any CPU
		{A221C95D-EC23-4606-A788-B5770106FADE}.Debug|Any CPU.Build.0 = Debug|Any CPU
		{A221C95D-EC23-4606-A788-B5770106FADE}.Debug|x64.ActiveCfg = Debug|Any CPU
		{A221C95D-EC23-4606-A788-B5770106FADE}.Debug|x64.Build.0 = Debug|Any CPU
		{A221C95D-EC23-4606-A788-B5770106FADE}.Debug|x86.ActiveCfg = Debug|Any CPU
		{A221C95D-EC23-4606-A788-B5770106FADE}.Debug|x86.Build.0 = Debug|Any CPU
		{A221C95D-EC23-4606-A788-B5770106FADE}.Release|Any CPU.ActiveCfg = Release|Any CPU
		{A221C95D-EC23-4606-A788-B5770106FADE}.Release|Any CPU.Build.0 = Release|Any CPU
		{A221C95D-EC23-4606-A788-B5770106FADE}.Release|x64.ActiveCfg = Release|Any CPU
		{A221C95D-EC23-4606-A788-B5770106FADE}.Release|x64.Build.0 = Release|Any CPU
		{A221C95D-EC23-4606-A788-B5770106FADE}.Release|x86.ActiveCfg = Release|Any CPU
		{A221C95D-EC23-4606-A788-B5770106FADE}.Release|x86.Build.0 = Release|Any CPU
		{B79FB062-CA10-483D-8017-A2FFF1D9CEF5}.Debug|Any CPU.ActiveCfg = Debug|Any CPU
		{B79FB062-CA10-483D-8017-A2FFF1D9CEF5}.Debug|Any CPU.Build.0 = Debug|Any CPU
		{B79FB062-CA10-483D-8017-A2FFF1D9CEF5}.Debug|x64.ActiveCfg = Debug|Any CPU
		{B79FB062-CA10-483D-8017-A2FFF1D9CEF5}.Debug|x64.Build.0 = Debug|Any CPU
		{B79FB062-CA10-483D-8017-A2FFF1D9CEF5}.Debug|x86.ActiveCfg = Debug|Any CPU
		{B79FB062-CA10-483D-8017-A2FFF1D9CEF5}.Debug|x86.Build.0 = Debug|Any CPU
		{B79FB062-CA10-483D-8017-A2FFF1D9CEF5}.Release|Any CPU.ActiveCfg = Release|Any CPU
		{B79FB062-CA10-483D-8017-A2FFF1D9CEF5}.Release|Any CPU.Build.0 = Release|Any CPU
		{B79FB062-CA10-483D-8017-A2FFF1D9CEF5}.Release|x64.ActiveCfg = Release|Any CPU
		{B79FB062-CA10-483D-8017-A2FFF1D9CEF5}.Release|x64.Build.0 = Release|Any CPU
		{B79FB062-CA10-483D-8017-A2FFF1D9CEF5}.Release|x86.ActiveCfg = Release|Any CPU
		{B79FB062-CA10-483D-8017-A2FFF1D9CEF5}.Release|x86.Build.0 = Release|Any CPU
		{20DC8CB2-6821-4987-A40E-38CD6468E3FB}.Debug|Any CPU.ActiveCfg = Debug|Any CPU
		{20DC8CB2-6821-4987-A40E-38CD6468E3FB}.Debug|Any CPU.Build.0 = Debug|Any CPU
		{20DC8CB2-6821-4987-A40E-38CD6468E3FB}.Debug|x64.ActiveCfg = Debug|Any CPU
		{20DC8CB2-6821-4987-A40E-38CD6468E3FB}.Debug|x64.Build.0 = Debug|Any CPU
		{20DC8CB2-6821-4987-A40E-38CD6468E3FB}.Debug|x86.ActiveCfg = Debug|Any CPU
		{20DC8CB2-6821-4987-A40E-38CD6468E3FB}.Debug|x86.Build.0 = Debug|Any CPU
		{20DC8CB2-6821-4987-A40E-38CD6468E3FB}.Release|Any CPU.ActiveCfg = Release|Any CPU
		{20DC8CB2-6821-4987-A40E-38CD6468E3FB}.Release|Any CPU.Build.0 = Release|Any CPU
		{20DC8CB2-6821-4987-A40E-38CD6468E3FB}.Release|x64.ActiveCfg = Release|Any CPU
		{20DC8CB2-6821-4987-A40E-38CD6468E3FB}.Release|x64.Build.0 = Release|Any CPU
		{20DC8CB2-6821-4987-A40E-38CD6468E3FB}.Release|x86.ActiveCfg = Release|Any CPU
		{20DC8CB2-6821-4987-A40E-38CD6468E3FB}.Release|x86.Build.0 = Release|Any CPU
		{0E694E20-C625-4060-A7FA-AD1CEA3843F9}.Debug|Any CPU.ActiveCfg = Debug|Any CPU
		{0E694E20-C625-4060-A7FA-AD1CEA3843F9}.Debug|Any CPU.Build.0 = Debug|Any CPU
		{0E694E20-C625-4060-A7FA-AD1CEA3843F9}.Debug|x64.ActiveCfg = Debug|Any CPU
		{0E694E20-C625-4060-A7FA-AD1CEA3843F9}.Debug|x64.Build.0 = Debug|Any CPU
		{0E694E20-C625-4060-A7FA-AD1CEA3843F9}.Debug|x86.ActiveCfg = Debug|Any CPU
		{0E694E20-C625-4060-A7FA-AD1CEA3843F9}.Debug|x86.Build.0 = Debug|Any CPU
		{0E694E20-C625-4060-A7FA-AD1CEA3843F9}.Release|Any CPU.ActiveCfg = Release|Any CPU
		{0E694E20-C625-4060-A7FA-AD1CEA3843F9}.Release|Any CPU.Build.0 = Release|Any CPU
		{0E694E20-C625-4060-A7FA-AD1CEA3843F9}.Release|x64.ActiveCfg = Release|Any CPU
		{0E694E20-C625-4060-A7FA-AD1CEA3843F9}.Release|x64.Build.0 = Release|Any CPU
		{0E694E20-C625-4060-A7FA-AD1CEA3843F9}.Release|x86.ActiveCfg = Release|Any CPU
		{0E694E20-C625-4060-A7FA-AD1CEA3843F9}.Release|x86.Build.0 = Release|Any CPU
		{E39EFA6A-0FA8-4D5A-9B45-DF851D1C430A}.Debug|Any CPU.ActiveCfg = Debug|Any CPU
		{E39EFA6A-0FA8-4D5A-9B45-DF851D1C430A}.Debug|Any CPU.Build.0 = Debug|Any CPU
		{E39EFA6A-0FA8-4D5A-9B45-DF851D1C430A}.Debug|x64.ActiveCfg = Debug|Any CPU
		{E39EFA6A-0FA8-4D5A-9B45-DF851D1C430A}.Debug|x64.Build.0 = Debug|Any CPU
		{E39EFA6A-0FA8-4D5A-9B45-DF851D1C430A}.Debug|x86.ActiveCfg = Debug|Any CPU
		{E39EFA6A-0FA8-4D5A-9B45-DF851D1C430A}.Debug|x86.Build.0 = Debug|Any CPU
		{E39EFA6A-0FA8-4D5A-9B45-DF851D1C430A}.Release|Any CPU.ActiveCfg = Release|Any CPU
		{E39EFA6A-0FA8-4D5A-9B45-DF851D1C430A}.Release|Any CPU.Build.0 = Release|Any CPU
		{E39EFA6A-0FA8-4D5A-9B45-DF851D1C430A}.Release|x64.ActiveCfg = Release|Any CPU
		{E39EFA6A-0FA8-4D5A-9B45-DF851D1C430A}.Release|x64.Build.0 = Release|Any CPU
		{E39EFA6A-0FA8-4D5A-9B45-DF851D1C430A}.Release|x86.ActiveCfg = Release|Any CPU
		{E39EFA6A-0FA8-4D5A-9B45-DF851D1C430A}.Release|x86.Build.0 = Release|Any CPU
		{6CFBF045-19E9-4894-8F92-4E79C7CB88E8}.Debug|Any CPU.ActiveCfg = Debug|Any CPU
		{6CFBF045-19E9-4894-8F92-4E79C7CB88E8}.Debug|Any CPU.Build.0 = Debug|Any CPU
		{6CFBF045-19E9-4894-8F92-4E79C7CB88E8}.Debug|x64.ActiveCfg = Debug|Any CPU
		{6CFBF045-19E9-4894-8F92-4E79C7CB88E8}.Debug|x64.Build.0 = Debug|Any CPU
		{6CFBF045-19E9-4894-8F92-4E79C7CB88E8}.Debug|x86.ActiveCfg = Debug|Any CPU
		{6CFBF045-19E9-4894-8F92-4E79C7CB88E8}.Debug|x86.Build.0 = Debug|Any CPU
		{6CFBF045-19E9-4894-8F92-4E79C7CB88E8}.Release|Any CPU.ActiveCfg = Release|Any CPU
		{6CFBF045-19E9-4894-8F92-4E79C7CB88E8}.Release|Any CPU.Build.0 = Release|Any CPU
		{6CFBF045-19E9-4894-8F92-4E79C7CB88E8}.Release|x64.ActiveCfg = Release|Any CPU
		{6CFBF045-19E9-4894-8F92-4E79C7CB88E8}.Release|x64.Build.0 = Release|Any CPU
		{6CFBF045-19E9-4894-8F92-4E79C7CB88E8}.Release|x86.ActiveCfg = Release|Any CPU
		{6CFBF045-19E9-4894-8F92-4E79C7CB88E8}.Release|x86.Build.0 = Release|Any CPU
		{B4441134-2FF7-47AE-AAE0-A594DACB0C95}.Debug|Any CPU.ActiveCfg = Debug|Any CPU
		{B4441134-2FF7-47AE-AAE0-A594DACB0C95}.Debug|Any CPU.Build.0 = Debug|Any CPU
		{B4441134-2FF7-47AE-AAE0-A594DACB0C95}.Debug|x64.ActiveCfg = Debug|Any CPU
		{B4441134-2FF7-47AE-AAE0-A594DACB0C95}.Debug|x64.Build.0 = Debug|Any CPU
		{B4441134-2FF7-47AE-AAE0-A594DACB0C95}.Debug|x86.ActiveCfg = Debug|Any CPU
		{B4441134-2FF7-47AE-AAE0-A594DACB0C95}.Debug|x86.Build.0 = Debug|Any CPU
		{B4441134-2FF7-47AE-AAE0-A594DACB0C95}.Release|Any CPU.ActiveCfg = Release|Any CPU
		{B4441134-2FF7-47AE-AAE0-A594DACB0C95}.Release|Any CPU.Build.0 = Release|Any CPU
		{B4441134-2FF7-47AE-AAE0-A594DACB0C95}.Release|x64.ActiveCfg = Release|Any CPU
		{B4441134-2FF7-47AE-AAE0-A594DACB0C95}.Release|x64.Build.0 = Release|Any CPU
		{B4441134-2FF7-47AE-AAE0-A594DACB0C95}.Release|x86.ActiveCfg = Release|Any CPU
		{B4441134-2FF7-47AE-AAE0-A594DACB0C95}.Release|x86.Build.0 = Release|Any CPU
		{94E05B39-AB44-431E-8EE4-A9ECFF726BC5}.Debug|Any CPU.ActiveCfg = Debug|Any CPU
		{94E05B39-AB44-431E-8EE4-A9ECFF726BC5}.Debug|Any CPU.Build.0 = Debug|Any CPU
		{94E05B39-AB44-431E-8EE4-A9ECFF726BC5}.Debug|x64.ActiveCfg = Debug|Any CPU
		{94E05B39-AB44-431E-8EE4-A9ECFF726BC5}.Debug|x64.Build.0 = Debug|Any CPU
		{94E05B39-AB44-431E-8EE4-A9ECFF726BC5}.Debug|x86.ActiveCfg = Debug|Any CPU
		{94E05B39-AB44-431E-8EE4-A9ECFF726BC5}.Debug|x86.Build.0 = Debug|Any CPU
		{94E05B39-AB44-431E-8EE4-A9ECFF726BC5}.Release|Any CPU.ActiveCfg = Release|Any CPU
		{94E05B39-AB44-431E-8EE4-A9ECFF726BC5}.Release|Any CPU.Build.0 = Release|Any CPU
		{94E05B39-AB44-431E-8EE4-A9ECFF726BC5}.Release|x64.ActiveCfg = Release|Any CPU
		{94E05B39-AB44-431E-8EE4-A9ECFF726BC5}.Release|x64.Build.0 = Release|Any CPU
		{94E05B39-AB44-431E-8EE4-A9ECFF726BC5}.Release|x86.ActiveCfg = Release|Any CPU
		{94E05B39-AB44-431E-8EE4-A9ECFF726BC5}.Release|x86.Build.0 = Release|Any CPU
		{5C38E980-DBF4-4764-A33D-C5EC2D685F03}.Debug|Any CPU.ActiveCfg = Debug|Any CPU
		{5C38E980-DBF4-4764-A33D-C5EC2D685F03}.Debug|Any CPU.Build.0 = Debug|Any CPU
		{5C38E980-DBF4-4764-A33D-C5EC2D685F03}.Debug|x64.ActiveCfg = Debug|Any CPU
		{5C38E980-DBF4-4764-A33D-C5EC2D685F03}.Debug|x64.Build.0 = Debug|Any CPU
		{5C38E980-DBF4-4764-A33D-C5EC2D685F03}.Debug|x86.ActiveCfg = Debug|Any CPU
		{5C38E980-DBF4-4764-A33D-C5EC2D685F03}.Debug|x86.Build.0 = Debug|Any CPU
		{5C38E980-DBF4-4764-A33D-C5EC2D685F03}.Release|Any CPU.ActiveCfg = Release|Any CPU
		{5C38E980-DBF4-4764-A33D-C5EC2D685F03}.Release|Any CPU.Build.0 = Release|Any CPU
		{5C38E980-DBF4-4764-A33D-C5EC2D685F03}.Release|x64.ActiveCfg = Release|Any CPU
		{5C38E980-DBF4-4764-A33D-C5EC2D685F03}.Release|x64.Build.0 = Release|Any CPU
		{5C38E980-DBF4-4764-A33D-C5EC2D685F03}.Release|x86.ActiveCfg = Release|Any CPU
		{5C38E980-DBF4-4764-A33D-C5EC2D685F03}.Release|x86.Build.0 = Release|Any CPU
		{DD9524EC-42ED-4FAF-8F46-4E76965E6F1C}.Debug|Any CPU.ActiveCfg = Debug|Any CPU
		{DD9524EC-42ED-4FAF-8F46-4E76965E6F1C}.Debug|Any CPU.Build.0 = Debug|Any CPU
		{DD9524EC-42ED-4FAF-8F46-4E76965E6F1C}.Debug|x64.ActiveCfg = Debug|Any CPU
		{DD9524EC-42ED-4FAF-8F46-4E76965E6F1C}.Debug|x64.Build.0 = Debug|Any CPU
		{DD9524EC-42ED-4FAF-8F46-4E76965E6F1C}.Debug|x86.ActiveCfg = Debug|Any CPU
		{DD9524EC-42ED-4FAF-8F46-4E76965E6F1C}.Debug|x86.Build.0 = Debug|Any CPU
		{DD9524EC-42ED-4FAF-8F46-4E76965E6F1C}.Release|Any CPU.ActiveCfg = Release|Any CPU
		{DD9524EC-42ED-4FAF-8F46-4E76965E6F1C}.Release|Any CPU.Build.0 = Release|Any CPU
		{DD9524EC-42ED-4FAF-8F46-4E76965E6F1C}.Release|x64.ActiveCfg = Release|Any CPU
		{DD9524EC-42ED-4FAF-8F46-4E76965E6F1C}.Release|x64.Build.0 = Release|Any CPU
		{DD9524EC-42ED-4FAF-8F46-4E76965E6F1C}.Release|x86.ActiveCfg = Release|Any CPU
		{DD9524EC-42ED-4FAF-8F46-4E76965E6F1C}.Release|x86.Build.0 = Release|Any CPU
		{7EE1775F-4C60-4A3E-8BED-45B0075D6A74}.Debug|Any CPU.ActiveCfg = Debug|Any CPU
		{7EE1775F-4C60-4A3E-8BED-45B0075D6A74}.Debug|Any CPU.Build.0 = Debug|Any CPU
		{7EE1775F-4C60-4A3E-8BED-45B0075D6A74}.Debug|x64.ActiveCfg = Debug|Any CPU
		{7EE1775F-4C60-4A3E-8BED-45B0075D6A74}.Debug|x64.Build.0 = Debug|Any CPU
		{7EE1775F-4C60-4A3E-8BED-45B0075D6A74}.Debug|x86.ActiveCfg = Debug|Any CPU
		{7EE1775F-4C60-4A3E-8BED-45B0075D6A74}.Debug|x86.Build.0 = Debug|Any CPU
		{7EE1775F-4C60-4A3E-8BED-45B0075D6A74}.Release|Any CPU.ActiveCfg = Release|Any CPU
		{7EE1775F-4C60-4A3E-8BED-45B0075D6A74}.Release|Any CPU.Build.0 = Release|Any CPU
		{7EE1775F-4C60-4A3E-8BED-45B0075D6A74}.Release|x64.ActiveCfg = Release|Any CPU
		{7EE1775F-4C60-4A3E-8BED-45B0075D6A74}.Release|x64.Build.0 = Release|Any CPU
		{7EE1775F-4C60-4A3E-8BED-45B0075D6A74}.Release|x86.ActiveCfg = Release|Any CPU
		{7EE1775F-4C60-4A3E-8BED-45B0075D6A74}.Release|x86.Build.0 = Release|Any CPU
		{3818A126-0A52-444D-B1E0-6A3EC47AC8A1}.Debug|Any CPU.ActiveCfg = Debug|Any CPU
		{3818A126-0A52-444D-B1E0-6A3EC47AC8A1}.Debug|Any CPU.Build.0 = Debug|Any CPU
		{3818A126-0A52-444D-B1E0-6A3EC47AC8A1}.Debug|x64.ActiveCfg = Debug|Any CPU
		{3818A126-0A52-444D-B1E0-6A3EC47AC8A1}.Debug|x64.Build.0 = Debug|Any CPU
		{3818A126-0A52-444D-B1E0-6A3EC47AC8A1}.Debug|x86.ActiveCfg = Debug|Any CPU
		{3818A126-0A52-444D-B1E0-6A3EC47AC8A1}.Debug|x86.Build.0 = Debug|Any CPU
		{3818A126-0A52-444D-B1E0-6A3EC47AC8A1}.Release|Any CPU.ActiveCfg = Release|Any CPU
		{3818A126-0A52-444D-B1E0-6A3EC47AC8A1}.Release|Any CPU.Build.0 = Release|Any CPU
		{3818A126-0A52-444D-B1E0-6A3EC47AC8A1}.Release|x64.ActiveCfg = Release|Any CPU
		{3818A126-0A52-444D-B1E0-6A3EC47AC8A1}.Release|x64.Build.0 = Release|Any CPU
		{3818A126-0A52-444D-B1E0-6A3EC47AC8A1}.Release|x86.ActiveCfg = Release|Any CPU
		{3818A126-0A52-444D-B1E0-6A3EC47AC8A1}.Release|x86.Build.0 = Release|Any CPU
		{E25594D3-1BEF-4FB7-8A4F-09B992E81521}.Debug|Any CPU.ActiveCfg = Debug|Any CPU
		{E25594D3-1BEF-4FB7-8A4F-09B992E81521}.Debug|Any CPU.Build.0 = Debug|Any CPU
		{E25594D3-1BEF-4FB7-8A4F-09B992E81521}.Debug|x64.ActiveCfg = Debug|Any CPU
		{E25594D3-1BEF-4FB7-8A4F-09B992E81521}.Debug|x64.Build.0 = Debug|Any CPU
		{E25594D3-1BEF-4FB7-8A4F-09B992E81521}.Debug|x86.ActiveCfg = Debug|Any CPU
		{E25594D3-1BEF-4FB7-8A4F-09B992E81521}.Debug|x86.Build.0 = Debug|Any CPU
		{E25594D3-1BEF-4FB7-8A4F-09B992E81521}.Release|Any CPU.ActiveCfg = Release|Any CPU
		{E25594D3-1BEF-4FB7-8A4F-09B992E81521}.Release|Any CPU.Build.0 = Release|Any CPU
		{E25594D3-1BEF-4FB7-8A4F-09B992E81521}.Release|x64.ActiveCfg = Release|Any CPU
		{E25594D3-1BEF-4FB7-8A4F-09B992E81521}.Release|x64.Build.0 = Release|Any CPU
		{E25594D3-1BEF-4FB7-8A4F-09B992E81521}.Release|x86.ActiveCfg = Release|Any CPU
		{E25594D3-1BEF-4FB7-8A4F-09B992E81521}.Release|x86.Build.0 = Release|Any CPU
		{71D271B4-B587-4ADE-A908-57183BE284FE}.Debug|Any CPU.ActiveCfg = Debug|Any CPU
		{71D271B4-B587-4ADE-A908-57183BE284FE}.Debug|Any CPU.Build.0 = Debug|Any CPU
		{71D271B4-B587-4ADE-A908-57183BE284FE}.Debug|x64.ActiveCfg = Debug|Any CPU
		{71D271B4-B587-4ADE-A908-57183BE284FE}.Debug|x64.Build.0 = Debug|Any CPU
		{71D271B4-B587-4ADE-A908-57183BE284FE}.Debug|x86.ActiveCfg = Debug|Any CPU
		{71D271B4-B587-4ADE-A908-57183BE284FE}.Debug|x86.Build.0 = Debug|Any CPU
		{71D271B4-B587-4ADE-A908-57183BE284FE}.Release|Any CPU.ActiveCfg = Release|Any CPU
		{71D271B4-B587-4ADE-A908-57183BE284FE}.Release|Any CPU.Build.0 = Release|Any CPU
		{71D271B4-B587-4ADE-A908-57183BE284FE}.Release|x64.ActiveCfg = Release|Any CPU
		{71D271B4-B587-4ADE-A908-57183BE284FE}.Release|x64.Build.0 = Release|Any CPU
		{71D271B4-B587-4ADE-A908-57183BE284FE}.Release|x86.ActiveCfg = Release|Any CPU
		{71D271B4-B587-4ADE-A908-57183BE284FE}.Release|x86.Build.0 = Release|Any CPU
		{6CAE96EA-E533-4A8A-A422-1B98EC448868}.Debug|Any CPU.ActiveCfg = Debug|Any CPU
		{6CAE96EA-E533-4A8A-A422-1B98EC448868}.Debug|Any CPU.Build.0 = Debug|Any CPU
		{6CAE96EA-E533-4A8A-A422-1B98EC448868}.Debug|x64.ActiveCfg = Debug|Any CPU
		{6CAE96EA-E533-4A8A-A422-1B98EC448868}.Debug|x64.Build.0 = Debug|Any CPU
		{6CAE96EA-E533-4A8A-A422-1B98EC448868}.Debug|x86.ActiveCfg = Debug|Any CPU
		{6CAE96EA-E533-4A8A-A422-1B98EC448868}.Debug|x86.Build.0 = Debug|Any CPU
		{6CAE96EA-E533-4A8A-A422-1B98EC448868}.Release|Any CPU.ActiveCfg = Release|Any CPU
		{6CAE96EA-E533-4A8A-A422-1B98EC448868}.Release|Any CPU.Build.0 = Release|Any CPU
		{6CAE96EA-E533-4A8A-A422-1B98EC448868}.Release|x64.ActiveCfg = Release|Any CPU
		{6CAE96EA-E533-4A8A-A422-1B98EC448868}.Release|x64.Build.0 = Release|Any CPU
		{6CAE96EA-E533-4A8A-A422-1B98EC448868}.Release|x86.ActiveCfg = Release|Any CPU
		{6CAE96EA-E533-4A8A-A422-1B98EC448868}.Release|x86.Build.0 = Release|Any CPU
		{86817AE3-3FB8-4B33-BF42-31E46A2D7FA3}.Debug|Any CPU.ActiveCfg = Debug|Any CPU
		{86817AE3-3FB8-4B33-BF42-31E46A2D7FA3}.Debug|Any CPU.Build.0 = Debug|Any CPU
		{86817AE3-3FB8-4B33-BF42-31E46A2D7FA3}.Debug|x64.ActiveCfg = Debug|Any CPU
		{86817AE3-3FB8-4B33-BF42-31E46A2D7FA3}.Debug|x64.Build.0 = Debug|Any CPU
		{86817AE3-3FB8-4B33-BF42-31E46A2D7FA3}.Debug|x86.ActiveCfg = Debug|Any CPU
		{86817AE3-3FB8-4B33-BF42-31E46A2D7FA3}.Debug|x86.Build.0 = Debug|Any CPU
		{86817AE3-3FB8-4B33-BF42-31E46A2D7FA3}.Release|Any CPU.ActiveCfg = Release|Any CPU
		{86817AE3-3FB8-4B33-BF42-31E46A2D7FA3}.Release|Any CPU.Build.0 = Release|Any CPU
		{86817AE3-3FB8-4B33-BF42-31E46A2D7FA3}.Release|x64.ActiveCfg = Release|Any CPU
		{86817AE3-3FB8-4B33-BF42-31E46A2D7FA3}.Release|x64.Build.0 = Release|Any CPU
		{86817AE3-3FB8-4B33-BF42-31E46A2D7FA3}.Release|x86.ActiveCfg = Release|Any CPU
		{86817AE3-3FB8-4B33-BF42-31E46A2D7FA3}.Release|x86.Build.0 = Release|Any CPU
		{9874B81E-95D1-4D38-A734-87474455BA41}.Debug|Any CPU.ActiveCfg = Debug|Any CPU
		{9874B81E-95D1-4D38-A734-87474455BA41}.Debug|Any CPU.Build.0 = Debug|Any CPU
		{9874B81E-95D1-4D38-A734-87474455BA41}.Debug|x64.ActiveCfg = Debug|Any CPU
		{9874B81E-95D1-4D38-A734-87474455BA41}.Debug|x64.Build.0 = Debug|Any CPU
		{9874B81E-95D1-4D38-A734-87474455BA41}.Debug|x86.ActiveCfg = Debug|Any CPU
		{9874B81E-95D1-4D38-A734-87474455BA41}.Debug|x86.Build.0 = Debug|Any CPU
		{9874B81E-95D1-4D38-A734-87474455BA41}.Release|Any CPU.ActiveCfg = Release|Any CPU
		{9874B81E-95D1-4D38-A734-87474455BA41}.Release|Any CPU.Build.0 = Release|Any CPU
		{9874B81E-95D1-4D38-A734-87474455BA41}.Release|x64.ActiveCfg = Release|Any CPU
		{9874B81E-95D1-4D38-A734-87474455BA41}.Release|x64.Build.0 = Release|Any CPU
		{9874B81E-95D1-4D38-A734-87474455BA41}.Release|x86.ActiveCfg = Release|Any CPU
		{9874B81E-95D1-4D38-A734-87474455BA41}.Release|x86.Build.0 = Release|Any CPU
		{F6BE5DF0-B441-4AB3-B0BB-EF95DFF0454E}.Debug|Any CPU.ActiveCfg = Debug|Any CPU
		{F6BE5DF0-B441-4AB3-B0BB-EF95DFF0454E}.Debug|Any CPU.Build.0 = Debug|Any CPU
		{F6BE5DF0-B441-4AB3-B0BB-EF95DFF0454E}.Debug|x64.ActiveCfg = Debug|Any CPU
		{F6BE5DF0-B441-4AB3-B0BB-EF95DFF0454E}.Debug|x64.Build.0 = Debug|Any CPU
		{F6BE5DF0-B441-4AB3-B0BB-EF95DFF0454E}.Debug|x86.ActiveCfg = Debug|Any CPU
		{F6BE5DF0-B441-4AB3-B0BB-EF95DFF0454E}.Debug|x86.Build.0 = Debug|Any CPU
		{F6BE5DF0-B441-4AB3-B0BB-EF95DFF0454E}.Release|Any CPU.ActiveCfg = Release|Any CPU
		{F6BE5DF0-B441-4AB3-B0BB-EF95DFF0454E}.Release|Any CPU.Build.0 = Release|Any CPU
		{F6BE5DF0-B441-4AB3-B0BB-EF95DFF0454E}.Release|x64.ActiveCfg = Release|Any CPU
		{F6BE5DF0-B441-4AB3-B0BB-EF95DFF0454E}.Release|x64.Build.0 = Release|Any CPU
		{F6BE5DF0-B441-4AB3-B0BB-EF95DFF0454E}.Release|x86.ActiveCfg = Release|Any CPU
		{F6BE5DF0-B441-4AB3-B0BB-EF95DFF0454E}.Release|x86.Build.0 = Release|Any CPU
		{782696EA-1B67-4DEF-B617-B8A06A475CDF}.Debug|Any CPU.ActiveCfg = Debug|Any CPU
		{782696EA-1B67-4DEF-B617-B8A06A475CDF}.Debug|Any CPU.Build.0 = Debug|Any CPU
		{782696EA-1B67-4DEF-B617-B8A06A475CDF}.Debug|x64.ActiveCfg = Debug|Any CPU
		{782696EA-1B67-4DEF-B617-B8A06A475CDF}.Debug|x64.Build.0 = Debug|Any CPU
		{782696EA-1B67-4DEF-B617-B8A06A475CDF}.Debug|x86.ActiveCfg = Debug|Any CPU
		{782696EA-1B67-4DEF-B617-B8A06A475CDF}.Debug|x86.Build.0 = Debug|Any CPU
		{782696EA-1B67-4DEF-B617-B8A06A475CDF}.Release|Any CPU.ActiveCfg = Release|Any CPU
		{782696EA-1B67-4DEF-B617-B8A06A475CDF}.Release|Any CPU.Build.0 = Release|Any CPU
		{782696EA-1B67-4DEF-B617-B8A06A475CDF}.Release|x64.ActiveCfg = Release|Any CPU
		{782696EA-1B67-4DEF-B617-B8A06A475CDF}.Release|x64.Build.0 = Release|Any CPU
		{782696EA-1B67-4DEF-B617-B8A06A475CDF}.Release|x86.ActiveCfg = Release|Any CPU
		{782696EA-1B67-4DEF-B617-B8A06A475CDF}.Release|x86.Build.0 = Release|Any CPU
	EndGlobalSection
	GlobalSection(SolutionProperties) = preSolution
		HideSolutionNode = FALSE
	EndGlobalSection
	GlobalSection(NestedProjects) = preSolution
		{169DA141-15CE-4CD5-8743-FB07098514F9} = {5D20AA90-6969-D8BD-9DCD-8634F4692FDA}
		{376B72ED-F2B7-4A21-8AFA-425BCC3A4A84} = {5D20AA90-6969-D8BD-9DCD-8634F4692FDA}
		{4C801BB2-6913-4118-8A5B-A2C408B2E215} = {827E0CD3-B72D-47B6-A68D-7590B98EB39B}
		{5E14F0DF-8E1F-4ACC-B7AE-265D6B9FE4E2} = {0AB3BF05-4346-4AA6-1389-037BE0695223}
		{18EDF92B-C480-4B91-A057-CCC73F39704B} = {0AB3BF05-4346-4AA6-1389-037BE0695223}
		{DE6AA2D1-364D-4007-9846-C32A37447917} = {0AB3BF05-4346-4AA6-1389-037BE0695223}
		{B08A3F2A-0076-4DB8-8918-0090585F3D1A} = {0AB3BF05-4346-4AA6-1389-037BE0695223}
		{27F9D9C8-094E-4B80-A118-AECB20342A9A} = {5D20AA90-6969-D8BD-9DCD-8634F4692FDA}
		{E00808BA-74E5-4046-97E0-E6BF53072373} = {5D20AA90-6969-D8BD-9DCD-8634F4692FDA}
		{6A54EB36-9182-4761-BEEC-4B633E15630C} = {5D20AA90-6969-D8BD-9DCD-8634F4692FDA}
		{A221C95D-EC23-4606-A788-B5770106FADE} = {5D20AA90-6969-D8BD-9DCD-8634F4692FDA}
		{B79FB062-CA10-483D-8017-A2FFF1D9CEF5} = {5D20AA90-6969-D8BD-9DCD-8634F4692FDA}
		{20DC8CB2-6821-4987-A40E-38CD6468E3FB} = {5D20AA90-6969-D8BD-9DCD-8634F4692FDA}
		{0E694E20-C625-4060-A7FA-AD1CEA3843F9} = {5D20AA90-6969-D8BD-9DCD-8634F4692FDA}
		{E39EFA6A-0FA8-4D5A-9B45-DF851D1C430A} = {0AB3BF05-4346-4AA6-1389-037BE0695223}
		{6CFBF045-19E9-4894-8F92-4E79C7CB88E8} = {827E0CD3-B72D-47B6-A68D-7590B98EB39B}
		{B4441134-2FF7-47AE-AAE0-A594DACB0C95} = {827E0CD3-B72D-47B6-A68D-7590B98EB39B}
		{94E05B39-AB44-431E-8EE4-A9ECFF726BC5} = {827E0CD3-B72D-47B6-A68D-7590B98EB39B}
		{5C38E980-DBF4-4764-A33D-C5EC2D685F03} = {827E0CD3-B72D-47B6-A68D-7590B98EB39B}
		{DD9524EC-42ED-4FAF-8F46-4E76965E6F1C} = {827E0CD3-B72D-47B6-A68D-7590B98EB39B}
		{7EE1775F-4C60-4A3E-8BED-45B0075D6A74} = {0AB3BF05-4346-4AA6-1389-037BE0695223}
		{3818A126-0A52-444D-B1E0-6A3EC47AC8A1} = {0AB3BF05-4346-4AA6-1389-037BE0695223}
		{E25594D3-1BEF-4FB7-8A4F-09B992E81521} = {0AB3BF05-4346-4AA6-1389-037BE0695223}
		{71D271B4-B587-4ADE-A908-57183BE284FE} = {0AB3BF05-4346-4AA6-1389-037BE0695223}
		{6CAE96EA-E533-4A8A-A422-1B98EC448868} = {0AB3BF05-4346-4AA6-1389-037BE0695223}
		{86817AE3-3FB8-4B33-BF42-31E46A2D7FA3} = {5D20AA90-6969-D8BD-9DCD-8634F4692FDA}
		{9874B81E-95D1-4D38-A734-87474455BA41} = {827E0CD3-B72D-47B6-A68D-7590B98EB39B}
		{F72A67A3-F357-F43F-1AE2-9C7C7991C223} = {DEE5DD87-39C1-BF34-B639-A387DCCF972B}
		{F6BE5DF0-B441-4AB3-B0BB-EF95DFF0454E} = {F72A67A3-F357-F43F-1AE2-9C7C7991C223}
		{782696EA-1B67-4DEF-B617-B8A06A475CDF} = {DEE5DD87-39C1-BF34-B639-A387DCCF972B}
	EndGlobalSection
EndGlobal
